{
  "name": "GluingFumens",
  "lockfileVersion": 2,
  "requires": true,
  "packages": {
    "": {
      "dependencies": {
        "tetris-fumen": "^1.1.3"
      }
    },
    "node_modules/tetris-fumen": {
      "version": "1.1.3",
      "resolved": "https://registry.npmjs.org/tetris-fumen/-/tetris-fumen-1.1.3.tgz",
      "integrity": "sha512-cMGKYvkL11fH5iRk8SpIl4+5gREWk084Q8VPtkhUc0pSyCjT99+I5+SaBjlBG/WkP2U3ve30OyFfvCTUSbl2Qg=="
    }
  },
  "dependencies": {
    "tetris-fumen": {
      "version": "1.1.3",
      "resolved": "https://registry.npmjs.org/tetris-fumen/-/tetris-fumen-1.1.3.tgz",
      "integrity": "sha512-cMGKYvkL11fH5iRk8SpIl4+5gREWk084Q8VPtkhUc0pSyCjT99+I5+SaBjlBG/WkP2U3ve30OyFfvCTUSbl2Qg=="
    }
  }
}
